
Microsoft Visual Studio Solution File, Format Version 12.00
# Visual Studio Version 17
VisualStudioVersion = 17.1.32228.430
MinimumVisualStudioVersion = 10.0.40219.1
Project("{FAE04EC0-301F-11D3-BF4B-00C04F79EFBC}") = "GSB_test", "GSB_test.csproj", "{0466A766-5C69-4E94-89FA-9311CE7D4390}"
EndProject
Global
	GlobalSection(SolutionConfigurationPlatforms) = preSolution
		Debug|Any CPU = Debug|Any CPU
		Release|Any CPU = Release|Any CPU
	EndGlobalSection
	GlobalSection(ProjectConfigurationPlatforms) = postSolution
		{0466A766-5C69-4E94-89FA-9311CE7D4390}.Debug|Any CPU.ActiveCfg = Debug|Any CPU
		{0466A766-5C69-4E94-89FA-9311CE7D4390}.Debug|Any CPU.Build.0 = Debug|Any CPU
		{0466A766-5C69-4E94-89FA-9311CE7D4390}.Release|Any CPU.ActiveCfg = Release|Any CPU
		{0466A766-5C69-4E94-89FA-9311CE7D4390}.Release|Any CPU.Build.0 = Release|Any CPU
	EndGlobalSection
	GlobalSection(SolutionProperties) = preSolution
		HideSolutionNode = FALSE
	EndGlobalSection
	GlobalSection(ExtensibilityGlobals) = postSolution
		SolutionGuid = {D4E8BC09-1319-46A7-9B26-F8DA64B59DEE}
	EndGlobalSection
EndGlobal
